
Microsoft Visual Studio Solution File, Format Version 12.00
# Visual Studio Version 16
VisualStudioVersion = 16.0.29609.76
MinimumVisualStudioVersion = 10.0.40219.1
Project("{FAE04EC0-301F-11D3-BF4B-00C04F79EFBC}") = "Telenor", "Telenor.csproj", "{159A67AB-D0BF-4574-9C89-08E969841DD1}"
EndProject
Global
	GlobalSection(SolutionConfigurationPlatforms) = preSolution
		Debug|Any CPU = Debug|Any CPU
		Release|Any CPU = Release|Any CPU
	EndGlobalSection
	GlobalSection(ProjectConfigurationPlatforms) = postSolution
		{159A67AB-D0BF-4574-9C89-08E969841DD1}.Debug|Any CPU.ActiveCfg = Debug|Any CPU
		{159A67AB-D0BF-4574-9C89-08E969841DD1}.Debug|Any CPU.Build.0 = Debug|Any CPU
		{159A67AB-D0BF-4574-9C89-08E969841DD1}.Release|Any CPU.ActiveCfg = Release|Any CPU
		{159A67AB-D0BF-4574-9C89-08E969841DD1}.Release|Any CPU.Build.0 = Release|Any CPU
	EndGlobalSection
	GlobalSection(SolutionProperties) = preSolution
		HideSolutionNode = FALSE
	EndGlobalSection
	GlobalSection(ExtensibilityGlobals) = postSolution
		SolutionGuid = {EC727044-0C87-4385-9B9F-8B7C2A7AAEE9}
	EndGlobalSection
EndGlobal
